{
  "name": "braze-web-sdk-tizen-sample",
  "version": "1.0.0",
  "lockfileVersion": 1,
  "requires": true,
  "dependencies": {
    "@braze/web-sdk-core": {
      "version": "3.0.1",
      "resolved": "https://registry.npmjs.org/@braze/web-sdk-core/-/web-sdk-core-3.0.1.tgz",
      "integrity": "sha512-L9ZD5dpsZLyMahIe0oW8z0RcXcwfMilg/V3j8gU7rzqu9Otd55p/6vUM7OMpkaKQCm9Y+fToAkmRkQZRcoh3Ow=="
    }
  }
}
